
Microsoft Visual Studio Solution File, Format Version 12.00
# Visual Studio Version 16
VisualStudioVersion = 16.0.29613.14
MinimumVisualStudioVersion = 10.0.40219.1
Project("{FAE04EC0-301F-11D3-BF4B-00C04F79EFBC}") = "CA20200114", "CA20200114\CA20200114.csproj", "{BA5B5849-3C06-4CD4-AEA4-504C9FA13296}"
EndProject
Global
	GlobalSection(SolutionConfigurationPlatforms) = preSolution
		Debug|Any CPU = Debug|Any CPU
		Release|Any CPU = Release|Any CPU
	EndGlobalSection
	GlobalSection(ProjectConfigurationPlatforms) = postSolution
		{BA5B5849-3C06-4CD4-AEA4-504C9FA13296}.Debug|Any CPU.ActiveCfg = Debug|Any CPU
		{BA5B5849-3C06-4CD4-AEA4-504C9FA13296}.Debug|Any CPU.Build.0 = Debug|Any CPU
		{BA5B5849-3C06-4CD4-AEA4-504C9FA13296}.Release|Any CPU.ActiveCfg = Release|Any CPU
		{BA5B5849-3C06-4CD4-AEA4-504C9FA13296}.Release|Any CPU.Build.0 = Release|Any CPU
	EndGlobalSection
	GlobalSection(SolutionProperties) = preSolution
		HideSolutionNode = FALSE
	EndGlobalSection
	GlobalSection(ExtensibilityGlobals) = postSolution
		SolutionGuid = {8370423C-EC14-4259-879D-8E9875F8CA66}
	EndGlobalSection
EndGlobal
